
Microsoft Visual Studio Solution File, Format Version 12.00
Project("{FAE04EC0-301F-11D3-BF4B-00C04F79EFBC}") = "SoundSharp", "SoundSharp\SoundSharp.csproj", "{A3E72E9E-F685-473C-921E-4E2128F02AA2}"
EndProject
Project("{FAE04EC0-301F-11D3-BF4B-00C04F79EFBC}") = "Opdracht1", "Opdracht1\Opdracht1.csproj", "{B5E9DE7B-9697-43FD-A0C9-5CF7552F8F76}"
EndProject
Project("{FAE04EC0-301F-11D3-BF4B-00C04F79EFBC}") = "Opdracht2", "Opdracht2\Opdracht2.csproj", "{8A822AC2-42FF-47A8-9AC2-F1C262047C03}"
EndProject
Global
	GlobalSection(SolutionConfigurationPlatforms) = preSolution
		Debug|Any CPU = Debug|Any CPU
		Release|Any CPU = Release|Any CPU
	EndGlobalSection
	GlobalSection(ProjectConfigurationPlatforms) = postSolution
		{A3E72E9E-F685-473C-921E-4E2128F02AA2}.Debug|Any CPU.ActiveCfg = Debug|Any CPU
		{A3E72E9E-F685-473C-921E-4E2128F02AA2}.Debug|Any CPU.Build.0 = Debug|Any CPU
		{A3E72E9E-F685-473C-921E-4E2128F02AA2}.Release|Any CPU.ActiveCfg = Release|Any CPU
		{A3E72E9E-F685-473C-921E-4E2128F02AA2}.Release|Any CPU.Build.0 = Release|Any CPU
		{B5E9DE7B-9697-43FD-A0C9-5CF7552F8F76}.Debug|Any CPU.ActiveCfg = Debug|Any CPU
		{B5E9DE7B-9697-43FD-A0C9-5CF7552F8F76}.Debug|Any CPU.Build.0 = Debug|Any CPU
		{B5E9DE7B-9697-43FD-A0C9-5CF7552F8F76}.Release|Any CPU.ActiveCfg = Release|Any CPU
		{B5E9DE7B-9697-43FD-A0C9-5CF7552F8F76}.Release|Any CPU.Build.0 = Release|Any CPU
		{8A822AC2-42FF-47A8-9AC2-F1C262047C03}.Debug|Any CPU.ActiveCfg = Debug|Any CPU
		{8A822AC2-42FF-47A8-9AC2-F1C262047C03}.Debug|Any CPU.Build.0 = Debug|Any CPU
		{8A822AC2-42FF-47A8-9AC2-F1C262047C03}.Release|Any CPU.ActiveCfg = Release|Any CPU
		{8A822AC2-42FF-47A8-9AC2-F1C262047C03}.Release|Any CPU.Build.0 = Release|Any CPU
	EndGlobalSection
EndGlobal
